// !$*UTF8*$!
{
	archiveVersion = 1;
	classes = {
	};
	objectVersion = 51;
	objects = {

/* Begin PBXBuildFile section */
		14F702EB2445BD6400099AC3 /* AppDelegate.swift in Sources */ = {isa = PBXBuildFile; fileRef = 14F702EA2445BD6400099AC3 /* AppDelegate.swift */; };
		14F702ED2445BD6400099AC3 /* SceneDelegate.swift in Sources */ = {isa = PBXBuildFile; fileRef = 14F702EC2445BD6400099AC3 /* SceneDelegate.swift */; };
		14F702EF2445BD6400099AC3 /* ViewController.swift in Sources */ = {isa = PBXBuildFile; fileRef = 14F702EE2445BD6400099AC3 /* ViewController.swift */; };
		14F702F22445BD6400099AC3 /* Main.storyboard in Resources */ = {isa = PBXBuildFile; fileRef = 14F702F02445BD6400099AC3 /* Main.storyboard */; };
		14F702F42445BD6C00099AC3 /* Assets.xcassets in Resources */ = {isa = PBXBuildFile; fileRef = 14F702F32445BD6C00099AC3 /* Assets.xcassets */; };
		14F702F72445BD6C00099AC3 /* LaunchScreen.storyboard in Resources */ = {isa = PBXBuildFile; fileRef = 14F702F52445BD6C00099AC3 /* LaunchScreen.storyboard */; };
		14F7030B2445BDAA00099AC3 /* HEmoticonTools.swift in Sources */ = {isa = PBXBuildFile; fileRef = 14F702FF2445BDAA00099AC3 /* HEmoticonTools.swift */; };
		14F7030D2445BDAA00099AC3 /* HEmoticonPageView.swift in Sources */ = {isa = PBXBuildFile; fileRef = 14F703042445BDAA00099AC3 /* HEmoticonPageView.swift */; };
		14F7030E2445BDAA00099AC3 /* Emoticons.bundle in Resources */ = {isa = PBXBuildFile; fileRef = 14F703052445BDAA00099AC3 /* Emoticons.bundle */; };
		14F7030F2445BDAA00099AC3 /* HEmoticonKeyboardBottomView.swift in Sources */ = {isa = PBXBuildFile; fileRef = 14F703062445BDAA00099AC3 /* HEmoticonKeyboardBottomView.swift */; };
		14F703102445BDAA00099AC3 /* HEmoticonButton.swift in Sources */ = {isa = PBXBuildFile; fileRef = 14F703072445BDAA00099AC3 /* HEmoticonButton.swift */; };
		14F703112445BDAA00099AC3 /* HEmoticonPageViewCell.swift in Sources */ = {isa = PBXBuildFile; fileRef = 14F703082445BDAA00099AC3 /* HEmoticonPageViewCell.swift */; };
		14F703122445BDAA00099AC3 /* HEmoticonKeyboardView.swift in Sources */ = {isa = PBXBuildFile; fileRef = 14F703092445BDAA00099AC3 /* HEmoticonKeyboardView.swift */; };
		14F703132445BDAA00099AC3 /* HEmoticonModel.swift in Sources */ = {isa = PBXBuildFile; fileRef = 14F7030A2445BDAA00099AC3 /* HEmoticonModel.swift */; };
		14F703182445BDE400099AC3 /* NSString+Emoji.m in Sources */ = {isa = PBXBuildFile; fileRef = 14F703162445BDE400099AC3 /* NSString+Emoji.m */; };
		14F7031A2445BE3500099AC3 /* CustomTextView.swift in Sources */ = {isa = PBXBuildFile; fileRef = 14F703192445BE3500099AC3 /* CustomTextView.swift */; };
		14F703202445C2A700099AC3 /* SwitchView.swift in Sources */ = {isa = PBXBuildFile; fileRef = 14F7031F2445C2A700099AC3 /* SwitchView.swift */; };
		14F703232445C87D00099AC3 /* Ext+NSAttributedString.swift in Sources */ = {isa = PBXBuildFile; fileRef = 14F703222445C87D00099AC3 /* Ext+NSAttributedString.swift */; };
		D1BA73A855D73B282FFEC802 /* Pods_CustomEmoticonKeyboard.framework in Frameworks */ = {isa = PBXBuildFile; fileRef = 77909C8722666BE29A93A16C /* Pods_CustomEmoticonKeyboard.framework */; };
/* End PBXBuildFile section */

/* Begin PBXFileReference section */
		14F702E72445BD6400099AC3 /* CustomEmoticonKeyboard.app */ = {isa = PBXFileReference; explicitFileType = wrapper.application; includeInIndex = 0; path = CustomEmoticonKeyboard.app; sourceTree = BUILT_PRODUCTS_DIR; };
		14F702EA2445BD6400099AC3 /* AppDelegate.swift */ = {isa = PBXFileReference; lastKnownFileType = sourcecode.swift; path = AppDelegate.swift; sourceTree = "<group>"; };
		14F702EC2445BD6400099AC3 /* SceneDelegate.swift */ = {isa = PBXFileReference; lastKnownFileType = sourcecode.swift; path = SceneDelegate.swift; sourceTree = "<group>"; };
		14F702EE2445BD6400099AC3 /* ViewController.swift */ = {isa = PBXFileReference; lastKnownFileType = sourcecode.swift; path = ViewController.swift; sourceTree = "<group>"; };
		14F702F12445BD6400099AC3 /* Base */ = {isa = PBXFileReference; lastKnownFileType = file.storyboard; name = Base; path = Base.lproj/Main.storyboard; sourceTree = "<group>"; };
		14F702F32445BD6C00099AC3 /* Assets.xcassets */ = {isa = PBXFileReference; lastKnownFileType = folder.assetcatalog; path = Assets.xcassets; sourceTree = "<group>"; };
		14F702F62445BD6C00099AC3 /* Base */ = {isa = PBXFileReference; lastKnownFileType = file.storyboard; name = Base; path = Base.lproj/LaunchScreen.storyboard; sourceTree = "<group>"; };
		14F702F82445BD6C00099AC3 /* Info.plist */ = {isa = PBXFileReference; lastKnownFileType = text.plist.xml; path = Info.plist; sourceTree = "<group>"; };
		14F702FF2445BDAA00099AC3 /* HEmoticonTools.swift */ = {isa = PBXFileReference; fileEncoding = 4; lastKnownFileType = sourcecode.swift; path = HEmoticonTools.swift; sourceTree = "<group>"; };
		14F703042445BDAA00099AC3 /* HEmoticonPageView.swift */ = {isa = PBXFileReference; fileEncoding = 4; lastKnownFileType = sourcecode.swift; path = HEmoticonPageView.swift; sourceTree = "<group>"; };
		14F703052445BDAA00099AC3 /* Emoticons.bundle */ = {isa = PBXFileReference; lastKnownFileType = "wrapper.plug-in"; path = Emoticons.bundle; sourceTree = "<group>"; };
		14F703062445BDAA00099AC3 /* HEmoticonKeyboardBottomView.swift */ = {isa = PBXFileReference; fileEncoding = 4; lastKnownFileType = sourcecode.swift; path = HEmoticonKeyboardBottomView.swift; sourceTree = "<group>"; };
		14F703072445BDAA00099AC3 /* HEmoticonButton.swift */ = {isa = PBXFileReference; fileEncoding = 4; lastKnownFileType = sourcecode.swift; path = HEmoticonButton.swift; sourceTree = "<group>"; };
		14F703082445BDAA00099AC3 /* HEmoticonPageViewCell.swift */ = {isa = PBXFileReference; fileEncoding = 4; lastKnownFileType = sourcecode.swift; path = HEmoticonPageViewCell.swift; sourceTree = "<group>"; };
		14F703092445BDAA00099AC3 /* HEmoticonKeyboardView.swift */ = {isa = PBXFileReference; fileEncoding = 4; lastKnownFileType = sourcecode.swift; path = HEmoticonKeyboardView.swift; sourceTree = "<group>"; };
		14F7030A2445BDAA00099AC3 /* HEmoticonModel.swift */ = {isa = PBXFileReference; fileEncoding = 4; lastKnownFileType = sourcecode.swift; path = HEmoticonModel.swift; sourceTree = "<group>"; };
		14F703152445BDE400099AC3 /* CustomEmoticonKeyboard-Bridging-Header.h */ = {isa = PBXFileReference; lastKnownFileType = sourcecode.c.h; path = "CustomEmoticonKeyboard-Bridging-Header.h"; sourceTree = "<group>"; };
		14F703162445BDE400099AC3 /* NSString+Emoji.m */ = {isa = PBXFileReference; fileEncoding = 4; lastKnownFileType = sourcecode.c.objc; path = "NSString+Emoji.m"; sourceTree = "<group>"; };
		14F703172445BDE400099AC3 /* NSString+Emoji.h */ = {isa = PBXFileReference; fileEncoding = 4; lastKnownFileType = sourcecode.c.h; path = "NSString+Emoji.h"; sourceTree = "<group>"; };
		14F703192445BE3500099AC3 /* CustomTextView.swift */ = {isa = PBXFileReference; lastKnownFileType = sourcecode.swift; path = CustomTextView.swift; sourceTree = "<group>"; };
		14F7031F2445C2A700099AC3 /* SwitchView.swift */ = {isa = PBXFileReference; lastKnownFileType = sourcecode.swift; path = SwitchView.swift; sourceTree = "<group>"; };
		14F703222445C87D00099AC3 /* Ext+NSAttributedString.swift */ = {isa = PBXFileReference; fileEncoding = 4; lastKnownFileType = sourcecode.swift; path = "Ext+NSAttributedString.swift"; sourceTree = "<group>"; };
		467598FA665885F5A6F711C2 /* Pods-CustomEmoticonKeyboard.release.xcconfig */ = {isa = PBXFileReference; includeInIndex = 1; lastKnownFileType = text.xcconfig; name = "Pods-CustomEmoticonKeyboard.release.xcconfig"; path = "Target Support Files/Pods-CustomEmoticonKeyboard/Pods-CustomEmoticonKeyboard.release.xcconfig"; sourceTree = "<group>"; };
		60947A8D770943DE7E278853 /* Pods-CustomEmoticonKeyboard.debug.xcconfig */ = {isa = PBXFileReference; includeInIndex = 1; lastKnownFileType = text.xcconfig; name = "Pods-CustomEmoticonKeyboard.debug.xcconfig"; path = "Target Support Files/Pods-CustomEmoticonKeyboard/Pods-CustomEmoticonKeyboard.debug.xcconfig"; sourceTree = "<group>"; };
		77909C8722666BE29A93A16C /* Pods_CustomEmoticonKeyboard.framework */ = {isa = PBXFileReference; explicitFileType = wrapper.framework; includeInIndex = 0; path = Pods_CustomEmoticonKeyboard.framework; sourceTree = BUILT_PRODUCTS_DIR; };
/* End PBXFileReference section */

/* Begin PBXFrameworksBuildPhase section */
		14F702E42445BD6400099AC3 /* Frameworks */ = {
			isa = PBXFrameworksBuildPhase;
			buildActionMask = 2147483647;
			files = (
				D1BA73A855D73B282FFEC802 /* Pods_CustomEmoticonKeyboard.framework in Frameworks */,
			);
			runOnlyForDeploymentPostprocessing = 0;
		};
/* End PBXFrameworksBuildPhase section */

/* Begin PBXGroup section */
		14F702DE2445BD6400099AC3 = {
			isa = PBXGroup;
			children = (
				14F702E92445BD6400099AC3 /* CustomEmoticonKeyboard */,
				14F702E82445BD6400099AC3 /* Products */,
				C57607C07368C3FB4EA3806A /* Pods */,
				EC84C18AD4801A59BD2EF676 /* Frameworks */,
			);
			sourceTree = "<group>";
		};
		14F702E82445BD6400099AC3 /* Products */ = {
			isa = PBXGroup;
			children = (
				14F702E72445BD6400099AC3 /* CustomEmoticonKeyboard.app */,
			);
			name = Products;
			sourceTree = "<group>";
		};
		14F702E92445BD6400099AC3 /* CustomEmoticonKeyboard */ = {
			isa = PBXGroup;
			children = (
				14F703212445C86C00099AC3 /* Extension */,
				14F702FE2445BDAA00099AC3 /* Emotion */,
				14F702EA2445BD6400099AC3 /* AppDelegate.swift */,
				14F702EC2445BD6400099AC3 /* SceneDelegate.swift */,
				14F702EE2445BD6400099AC3 /* ViewController.swift */,
				14F703192445BE3500099AC3 /* CustomTextView.swift */,
				14F7031F2445C2A700099AC3 /* SwitchView.swift */,
				14F702F02445BD6400099AC3 /* Main.storyboard */,
				14F702F32445BD6C00099AC3 /* Assets.xcassets */,
				14F702F52445BD6C00099AC3 /* LaunchScreen.storyboard */,
				14F702F82445BD6C00099AC3 /* Info.plist */,
			);
			path = CustomEmoticonKeyboard;
			sourceTree = "<group>";
		};
		14F702FE2445BDAA00099AC3 /* Emotion */ = {
			isa = PBXGroup;
			children = (
				14F703142445BDD400099AC3 /* Category */,
				14F703052445BDAA00099AC3 /* Emoticons.bundle */,
				14F702FF2445BDAA00099AC3 /* HEmoticonTools.swift */,
				14F703042445BDAA00099AC3 /* HEmoticonPageView.swift */,
				14F703062445BDAA00099AC3 /* HEmoticonKeyboardBottomView.swift */,
				14F703072445BDAA00099AC3 /* HEmoticonButton.swift */,
				14F703082445BDAA00099AC3 /* HEmoticonPageViewCell.swift */,
				14F703092445BDAA00099AC3 /* HEmoticonKeyboardView.swift */,
				14F7030A2445BDAA00099AC3 /* HEmoticonModel.swift */,
			);
			path = Emotion;
			sourceTree = "<group>";
		};
		14F703142445BDD400099AC3 /* Category */ = {
			isa = PBXGroup;
			children = (
				14F703172445BDE400099AC3 /* NSString+Emoji.h */,
				14F703162445BDE400099AC3 /* NSString+Emoji.m */,
				14F703152445BDE400099AC3 /* CustomEmoticonKeyboard-Bridging-Header.h */,
			);
			path = Category;
			sourceTree = "<group>";
		};
		14F703212445C86C00099AC3 /* Extension */ = {
			isa = PBXGroup;
			children = (
				14F703222445C87D00099AC3 /* Ext+NSAttributedString.swift */,
			);
			path = Extension;
			sourceTree = "<group>";
		};
		C57607C07368C3FB4EA3806A /* Pods */ = {
			isa = PBXGroup;
			children = (
				60947A8D770943DE7E278853 /* Pods-CustomEmoticonKeyboard.debug.xcconfig */,
				467598FA665885F5A6F711C2 /* Pods-CustomEmoticonKeyboard.release.xcconfig */,
			);
			path = Pods;
			sourceTree = "<group>";
		};
		EC84C18AD4801A59BD2EF676 /* Frameworks */ = {
			isa = PBXGroup;
			children = (
				77909C8722666BE29A93A16C /* Pods_CustomEmoticonKeyboard.framework */,
			);
			name = Frameworks;
			sourceTree = "<group>";
		};
/* End PBXGroup section */

/* Begin PBXNativeTarget section */
		14F702E62445BD6400099AC3 /* CustomEmoticonKeyboard */ = {
			isa = PBXNativeTarget;
			buildConfigurationList = 14F702FB2445BD6C00099AC3 /* Build configuration list for PBXNativeTarget "CustomEmoticonKeyboard" */;
			buildPhases = (
				98E32E1A09299D5D63039926 /* [CP] Check Pods Manifest.lock */,
				14F702E32445BD6400099AC3 /* Sources */,
				14F702E42445BD6400099AC3 /* Frameworks */,
				14F702E52445BD6400099AC3 /* Resources */,
				8873918E9FDCC6F138B1EF92 /* [CP] Embed Pods Frameworks */,
			);
			buildRules = (
			);
			dependencies = (
			);
			name = CustomEmoticonKeyboard;
			productName = CustomEmoticonKeyboard;
			productReference = 14F702E72445BD6400099AC3 /* CustomEmoticonKeyboard.app */;
			productType = "com.apple.product-type.application";
		};
/* End PBXNativeTarget section */

/* Begin PBXProject section */
		14F702DF2445BD6400099AC3 /* Project object */ = {
			isa = PBXProject;
			attributes = {
				LastSwiftUpdateCheck = 1140;
				LastUpgradeCheck = 1140;
				ORGANIZATIONNAME = Heli;
				TargetAttributes = {
					14F702E62445BD6400099AC3 = {
						CreatedOnToolsVersion = 11.4;
						LastSwiftMigration = 1140;
					};
				};
			};
			buildConfigurationList = 14F702E22445BD6400099AC3 /* Build configuration list for PBXProject "CustomEmoticonKeyboard" */;
			compatibilityVersion = "Xcode 9.3";
			developmentRegion = en;
			hasScannedForEncodings = 0;
			knownRegions = (
				en,
				Base,
			);
			mainGroup = 14F702DE2445BD6400099AC3;
			productRefGroup = 14F702E82445BD6400099AC3 /* Products */;
			projectDirPath = "";
			projectRoot = "";
			targets = (
				14F702E62445BD6400099AC3 /* CustomEmoticonKeyboard */,
			);
		};
/* End PBXProject section */

/* Begin PBXResourcesBuildPhase section */
		14F702E52445BD6400099AC3 /* Resources */ = {
			isa = PBXResourcesBuildPhase;
			buildActionMask = 2147483647;
			files = (
				14F702F72445BD6C00099AC3 /* LaunchScreen.storyboard in Resources */,
				14F7030E2445BDAA00099AC3 /* Emoticons.bundle in Resources */,
				14F702F42445BD6C00099AC3 /* Assets.xcassets in Resources */,
				14F702F22445BD6400099AC3 /* Main.storyboard in Resources */,
			);
			runOnlyForDeploymentPostprocessing = 0;
		};
/* End PBXResourcesBuildPhase section */

/* Begin PBXShellScriptBuildPhase section */
		8873918E9FDCC6F138B1EF92 /* [CP] Embed Pods Frameworks */ = {
			isa = PBXShellScriptBuildPhase;
			buildActionMask = 2147483647;
			files = (
			);
			inputFileListPaths = (
				"${PODS_ROOT}/Target Support Files/Pods-CustomEmoticonKeyboard/Pods-CustomEmoticonKeyboard-frameworks-${CONFIGURATION}-input-files.xcfilelist",
			);
			name = "[CP] Embed Pods Frameworks";
			outputFileListPaths = (
				"${PODS_ROOT}/Target Support Files/Pods-CustomEmoticonKeyboard/Pods-CustomEmoticonKeyboard-frameworks-${CONFIGURATION}-output-files.xcfilelist",
			);
			runOnlyForDeploymentPostprocessing = 0;
			shellPath = /bin/sh;
			shellScript = "\"${PODS_ROOT}/Target Support Files/Pods-CustomEmoticonKeyboard/Pods-CustomEmoticonKeyboard-frameworks.sh\"\n";
			showEnvVarsInLog = 0;
		};
		98E32E1A09299D5D63039926 /* [CP] Check Pods Manifest.lock */ = {
			isa = PBXShellScriptBuildPhase;
			buildActionMask = 2147483647;
			files = (
			);
			inputFileListPaths = (
			);
			inputPaths = (
				"${PODS_PODFILE_DIR_PATH}/Podfile.lock",
				"${PODS_ROOT}/Manifest.lock",
			);
			name = "[CP] Check Pods Manifest.lock";
			outputFileListPaths = (
			);
			outputPaths = (
				"$(DERIVED_FILE_DIR)/Pods-CustomEmoticonKeyboard-checkManifestLockResult.txt",
			);
			runOnlyForDeploymentPostprocessing = 0;
			shellPath = /bin/sh;
			shellScript = "diff \"${PODS_PODFILE_DIR_PATH}/Podfile.lock\" \"${PODS_ROOT}/Manifest.lock\" > /dev/null\nif [ $? != 0 ] ; then\n    # print error to STDERR\n    echo \"error: The sandbox is not in sync with the Podfile.lock. Run 'pod install' or update your CocoaPods installation.\" >&2\n    exit 1\nfi\n# This output is used by Xcode 'outputs' to avoid re-running this script phase.\necho \"SUCCESS\" > \"${SCRIPT_OUTPUT_FILE_0}\"\n";
			showEnvVarsInLog = 0;
		};
/* End PBXShellScriptBuildPhase section */

/* Begin PBXSourcesBuildPhase section */
		14F702E32445BD6400099AC3 /* Sources */ = {
			isa = PBXSourcesBuildPhase;
			buildActionMask = 2147483647;
			files = (
				14F702EF2445BD6400099AC3 /* ViewController.swift in Sources */,
				14F703102445BDAA00099AC3 /* HEmoticonButton.swift in Sources */,
				14F7031A2445BE3500099AC3 /* CustomTextView.swift in Sources */,
				14F703112445BDAA00099AC3 /* HEmoticonPageViewCell.swift in Sources */,
				14F703182445BDE400099AC3 /* NSString+Emoji.m in Sources */,
				14F702EB2445BD6400099AC3 /* AppDelegate.swift in Sources */,
				14F7030B2445BDAA00099AC3 /* HEmoticonTools.swift in Sources */,
				14F7030D2445BDAA00099AC3 /* HEmoticonPageView.swift in Sources */,
				14F703132445BDAA00099AC3 /* HEmoticonModel.swift in Sources */,
				14F703202445C2A700099AC3 /* SwitchView.swift in Sources */,
				14F7030F2445BDAA00099AC3 /* HEmoticonKeyboardBottomView.swift in Sources */,
				14F703232445C87D00099AC3 /* Ext+NSAttributedString.swift in Sources */,
				14F703122445BDAA00099AC3 /* HEmoticonKeyboardView.swift in Sources */,
				14F702ED2445BD6400099AC3 /* SceneDelegate.swift in Sources */,
			);
			runOnlyForDeploymentPostprocessing = 0;
		};
/* End PBXSourcesBuildPhase section */

/* Begin PBXVariantGroup section */
		14F702F02445BD6400099AC3 /* Main.storyboard */ = {
			isa = PBXVariantGroup;
			children = (
				14F702F12445BD6400099AC3 /* Base */,
			);
			name = Main.storyboard;
			sourceTree = "<group>";
		};
		14F702F52445BD6C00099AC3 /* LaunchScreen.storyboard */ = {
			isa = PBXVariantGroup;
			children = (
				14F702F62445BD6C00099AC3 /* Base */,
			);
			name = LaunchScreen.storyboard;
			sourceTree = "<group>";
		};
/* End PBXVariantGroup section */

/* Begin XCBuildConfiguration section */
		14F702F92445BD6C00099AC3 /* Debug */ = {
			isa = XCBuildConfiguration;
			buildSettings = {
				ALWAYS_SEARCH_USER_PATHS = NO;
				CLANG_ANALYZER_NONNULL = YES;
				CLANG_ANALYZER_NUMBER_OBJECT_CONVERSION = YES_AGGRESSIVE;
				CLANG_CXX_LANGUAGE_STANDARD = "gnu++14";
				CLANG_CXX_LIBRARY = "libc++";
				CLANG_ENABLE_MODULES = YES;
				CLANG_ENABLE_OBJC_ARC = YES;
				CLANG_ENABLE_OBJC_WEAK = YES;
				CLANG_WARN_BLOCK_CAPTURE_AUTORELEASING = YES;
				CLANG_WARN_BOOL_CONVERSION = YES;
				CLANG_WARN_COMMA = YES;
				CLANG_WARN_CONSTANT_CONVERSION = YES;
				CLANG_WARN_DEPRECATED_OBJC_IMPLEMENTATIONS = YES;
				CLANG_WARN_DIRECT_OBJC_ISA_USAGE = YES_ERROR;
				CLANG_WARN_DOCUMENTATION_COMMENTS = YES;
				CLANG_WARN_EMPTY_BODY = YES;
				CLANG_WARN_ENUM_CONVERSION = YES;
				CLANG_WARN_INFINITE_RECURSION = YES;
				CLANG_WARN_INT_CONVERSION = YES;
				CLANG_WARN_NON_LITERAL_NULL_CONVERSION = YES;
				CLANG_WARN_OBJC_IMPLICIT_RETAIN_SELF = YES;
				CLANG_WARN_OBJC_LITERAL_CONVERSION = YES;
				CLANG_WARN_OBJC_ROOT_CLASS = YES_ERROR;
				CLANG_WARN_RANGE_LOOP_ANALYSIS = YES;
				CLANG_WARN_STRICT_PROTOTYPES = YES;
				CLANG_WARN_SUSPICIOUS_MOVE = YES;
				CLANG_WARN_UNGUARDED_AVAILABILITY = YES_AGGRESSIVE;
				CLANG_WARN_UNREACHABLE_CODE = YES;
				CLANG_WARN__DUPLICATE_METHOD_MATCH = YES;
				COPY_PHASE_STRIP = NO;
				DEBUG_INFORMATION_FORMAT = dwarf;
				ENABLE_STRICT_OBJC_MSGSEND = YES;
				ENABLE_TESTABILITY = YES;
				GCC_C_LANGUAGE_STANDARD = gnu11;
				GCC_DYNAMIC_NO_PIC = NO;
				GCC_NO_COMMON_BLOCKS = YES;
				GCC_OPTIMIZATION_LEVEL = 0;
				GCC_PREPROCESSOR_DEFINITIONS = (
					"DEBUG=1",
					"$(inherited)",
				);
				GCC_WARN_64_TO_32_BIT_CONVERSION = YES;
				GCC_WARN_ABOUT_RETURN_TYPE = YES_ERROR;
				GCC_WARN_UNDECLARED_SELECTOR = YES;
				GCC_WARN_UNINITIALIZED_AUTOS = YES_AGGRESSIVE;
				GCC_WARN_UNUSED_FUNCTION = YES;
				GCC_WARN_UNUSED_VARIABLE = YES;
				IPHONEOS_DEPLOYMENT_TARGET = 13.4;
				MTL_ENABLE_DEBUG_INFO = INCLUDE_SOURCE;
				MTL_FAST_MATH = YES;
				ONLY_ACTIVE_ARCH = YES;
				SDKROOT = iphoneos;
				SWIFT_ACTIVE_COMPILATION_CONDITIONS = DEBUG;
				SWIFT_OPTIMIZATION_LEVEL = "-Onone";
			};
			name = Debug;
		};
		14F702FA2445BD6C00099AC3 /* Release */ = {
			isa = XCBuildConfiguration;
			buildSettings = {
				ALWAYS_SEARCH_USER_PATHS = NO;
				CLANG_ANALYZER_NONNULL = YES;
				CLANG_ANALYZER_NUMBER_OBJECT_CONVERSION = YES_AGGRESSIVE;
				CLANG_CXX_LANGUAGE_STANDARD = "gnu++14";
				CLANG_CXX_LIBRARY = "libc++";
				CLANG_ENABLE_MODULES = YES;
				CLANG_ENABLE_OBJC_ARC = YES;
				CLANG_ENABLE_OBJC_WEAK = YES;
				CLANG_WARN_BLOCK_CAPTURE_AUTORELEASING = YES;
				CLANG_WARN_BOOL_CONVERSION = YES;
				CLANG_WARN_COMMA = YES;
				CLANG_WARN_CONSTANT_CONVERSION = YES;
				CLANG_WARN_DEPRECATED_OBJC_IMPLEMENTATIONS = YES;
				CLANG_WARN_DIRECT_OBJC_ISA_USAGE = YES_ERROR;
				CLANG_WARN_DOCUMENTATION_COMMENTS = YES;
				CLANG_WARN_EMPTY_BODY = YES;
				CLANG_WARN_ENUM_CONVERSION = YES;
				CLANG_WARN_INFINITE_RECURSION = YES;
				CLANG_WARN_INT_CONVERSION = YES;
				CLANG_WARN_NON_LITERAL_NULL_CONVERSION = YES;
				CLANG_WARN_OBJC_IMPLICIT_RETAIN_SELF = YES;
				CLANG_WARN_OBJC_LITERAL_CONVERSION = YES;
				CLANG_WARN_OBJC_ROOT_CLASS = YES_ERROR;
				CLANG_WARN_RANGE_LOOP_ANALYSIS = YES;
				CLANG_WARN_STRICT_PROTOTYPES = YES;
				CLANG_WARN_SUSPICIOUS_MOVE = YES;
				CLANG_WARN_UNGUARDED_AVAILABILITY = YES_AGGRESSIVE;
				CLANG_WARN_UNREACHABLE_CODE = YES;
				CLANG_WARN__DUPLICATE_METHOD_MATCH = YES;
				COPY_PHASE_STRIP = NO;
				DEBUG_INFORMATION_FORMAT = "dwarf-with-dsym";
				ENABLE_NS_ASSERTIONS = NO;
				ENABLE_STRICT_OBJC_MSGSEND = YES;
				GCC_C_LANGUAGE_STANDARD = gnu11;
				GCC_NO_COMMON_BLOCKS = YES;
				GCC_WARN_64_TO_32_BIT_CONVERSION = YES;
				GCC_WARN_ABOUT_RETURN_TYPE = YES_ERROR;
				GCC_WARN_UNDECLARED_SELECTOR = YES;
				GCC_WARN_UNINITIALIZED_AUTOS = YES_AGGRESSIVE;
				GCC_WARN_UNUSED_FUNCTION = YES;
				GCC_WARN_UNUSED_VARIABLE = YES;
				IPHONEOS_DEPLOYMENT_TARGET = 13.4;
				MTL_ENABLE_DEBUG_INFO = NO;
				MTL_FAST_MATH = YES;
				SDKROOT = iphoneos;
				SWIFT_COMPILATION_MODE = wholemodule;
				SWIFT_OPTIMIZATION_LEVEL = "-O";
				VALIDATE_PRODUCT = YES;
			};
			name = Release;
		};
		14F702FC2445BD6C00099AC3 /* Debug */ = {
			isa = XCBuildConfiguration;
			baseConfigurationReference = 60947A8D770943DE7E278853 /* Pods-CustomEmoticonKeyboard.debug.xcconfig */;
			buildSettings = {
				ASSETCATALOG_COMPILER_APPICON_NAME = AppIcon;
				CLANG_ENABLE_MODULES = YES;
				CODE_SIGN_STYLE = Automatic;
				INFOPLIST_FILE = CustomEmoticonKeyboard/Info.plist;
				LD_RUNPATH_SEARCH_PATHS = (
					"$(inherited)",
					"@executable_path/Frameworks",
				);
				PRODUCT_BUNDLE_IDENTIFIER = Heli.CustomEmoticonKeyboard;
				PRODUCT_NAME = "$(TARGET_NAME)";
				SWIFT_OBJC_BRIDGING_HEADER = "CustomEmoticonKeyboard/Emotion/Category/CustomEmoticonKeyboard-Bridging-Header.h";
				SWIFT_OPTIMIZATION_LEVEL = "-Onone";
				SWIFT_VERSION = 5.0;
				TARGETED_DEVICE_FAMILY = "1,2";
			};
			name = Debug;
		};
		14F702FD2445BD6C00099AC3 /* Release */ = {
			isa = XCBuildConfiguration;
			baseConfigurationReference = 467598FA665885F5A6F711C2 /* Pods-CustomEmoticonKeyboard.release.xcconfig */;
			buildSettings = {
				ASSETCATALOG_COMPILER_APPICON_NAME = AppIcon;
				CLANG_ENABLE_MODULES = YES;
				CODE_SIGN_STYLE = Automatic;
				INFOPLIST_FILE = CustomEmoticonKeyboard/Info.plist;
				LD_RUNPATH_SEARCH_PATHS = (
					"$(inherited)",
					"@executable_path/Frameworks",
				);
				PRODUCT_BUNDLE_IDENTIFIER = Heli.CustomEmoticonKeyboard;
				PRODUCT_NAME = "$(TARGET_NAME)";
				SWIFT_OBJC_BRIDGING_HEADER = "CustomEmoticonKeyboard/Emotion/Category/CustomEmoticonKeyboard-Bridging-Header.h";
				SWIFT_VERSION = 5.0;
				TARGETED_DEVICE_FAMILY = "1,2";
			};
			name = Release;
		};
/* End XCBuildConfiguration section */

/* Begin XCConfigurationList section */
		14F702E22445BD6400099AC3 /* Build configuration list for PBXProject "CustomEmoticonKeyboard" */ = {
			isa = XCConfigurationList;
			buildConfigurations = (
				14F702F92445BD6C00099AC3 /* Debug */,
				14F702FA2445BD6C00099AC3 /* Release */,
			);
			defaultConfigurationIsVisible = 0;
			defaultConfigurationName = Release;
		};
		14F702FB2445BD6C00099AC3 /* Build configuration list for PBXNativeTarget "CustomEmoticonKeyboard" */ = {
			isa = XCConfigurationList;
			buildConfigurations = (
				14F702FC2445BD6C00099AC3 /* Debug */,
				14F702FD2445BD6C00099AC3 /* Release */,
			);
			defaultConfigurationIsVisible = 0;
			defaultConfigurationName = Release;
		};
/* End XCConfigurationList section */
	};
	rootObject = 14F702DF2445BD6400099AC3 /* Project object */;
}
